
Microsoft Visual Studio Solution File, Format Version 12.00
# Visual Studio Version 17
VisualStudioVersion = 17.0.31919.166
MinimumVisualStudioVersion = 10.0.40219.1
Project("{9A19103F-16F7-4668-BE54-9A1E7A4F7556}") = "DiabetesBlazorApp.Server", "Server\DiabetesBlazorApp.Server.csproj", "{B35C19A8-AFB6-4268-A316-7157F84DBB24}"
EndProject
Project("{9A19103F-16F7-4668-BE54-9A1E7A4F7556}") = "DiabetesBlazorApp.Client", "Client\DiabetesBlazorApp.Client.csproj", "{8B38E8E8-4888-4FC8-99FA-732B64CB3337}"
EndProject
Project("{9A19103F-16F7-4668-BE54-9A1E7A4F7556}") = "DiabetesBlazorApp.Shared", "Shared\DiabetesBlazorApp.Shared.csproj", "{0AAB192A-2A20-4EF7-A97C-A70F8E44B400}"
EndProject
Global
	GlobalSection(SolutionConfigurationPlatforms) = preSolution
		Debug|Any CPU = Debug|Any CPU
		Release|Any CPU = Release|Any CPU
	EndGlobalSection
	GlobalSection(ProjectConfigurationPlatforms) = postSolution
		{B35C19A8-AFB6-4268-A316-7157F84DBB24}.Debug|Any CPU.ActiveCfg = Debug|Any CPU
		{B35C19A8-AFB6-4268-A316-7157F84DBB24}.Debug|Any CPU.Build.0 = Debug|Any CPU
		{B35C19A8-AFB6-4268-A316-7157F84DBB24}.Release|Any CPU.ActiveCfg = Release|Any CPU
		{B35C19A8-AFB6-4268-A316-7157F84DBB24}.Release|Any CPU.Build.0 = Release|Any CPU
		{8B38E8E8-4888-4FC8-99FA-732B64CB3337}.Debug|Any CPU.ActiveCfg = Debug|Any CPU
		{8B38E8E8-4888-4FC8-99FA-732B64CB3337}.Debug|Any CPU.Build.0 = Debug|Any CPU
		{8B38E8E8-4888-4FC8-99FA-732B64CB3337}.Release|Any CPU.ActiveCfg = Release|Any CPU
		{8B38E8E8-4888-4FC8-99FA-732B64CB3337}.Release|Any CPU.Build.0 = Release|Any CPU
		{0AAB192A-2A20-4EF7-A97C-A70F8E44B400}.Debug|Any CPU.ActiveCfg = Debug|Any CPU
		{0AAB192A-2A20-4EF7-A97C-A70F8E44B400}.Debug|Any CPU.Build.0 = Debug|Any CPU
		{0AAB192A-2A20-4EF7-A97C-A70F8E44B400}.Release|Any CPU.ActiveCfg = Release|Any CPU
		{0AAB192A-2A20-4EF7-A97C-A70F8E44B400}.Release|Any CPU.Build.0 = Release|Any CPU
	EndGlobalSection
	GlobalSection(SolutionProperties) = preSolution
		HideSolutionNode = FALSE
	EndGlobalSection
	GlobalSection(ExtensibilityGlobals) = postSolution
		SolutionGuid = {35F16B32-76D9-4409-B9AB-91227A9BFF93}
	EndGlobalSection
EndGlobal
